Microsoft Visual Studio Solution File, Format Version 12.00
# Visual Studio Version 17
VisualStudioVersion = 17.5.2.0
MinimumVisualStudioVersion = 10.0.40219.1
Project("{FAE04EC0-301F-11D3-BF4B-00C04F79EFBC}") = "dotnet-hello-world-example", "dotnet-hello-world-example.csproj", "{941E8F8F-E270-7C02-685A-A042559F05AA}"
EndProject
Global
	GlobalSection(SolutionConfigurationPlatforms) = preSolution
		Debug|Any CPU = Debug|Any CPU
		Release|Any CPU = Release|Any CPU
	EndGlobalSection
	GlobalSection(ProjectConfigurationPlatforms) = postSolution
		{941E8F8F-E270-7C02-685A-A042559F05AA}.Debug|Any CPU.ActiveCfg = Debug|Any CPU
		{941E8F8F-E270-7C02-685A-A042559F05AA}.Debug|Any CPU.Build.0 = Debug|Any CPU
		{941E8F8F-E270-7C02-685A-A042559F05AA}.Release|Any CPU.ActiveCfg = Release|Any CPU
		{941E8F8F-E270-7C02-685A-A042559F05AA}.Release|Any CPU.Build.0 = Release|Any CPU
	EndGlobalSection
	GlobalSection(SolutionProperties) = preSolution
		HideSolutionNode = FALSE
	EndGlobalSection
	GlobalSection(ExtensibilityGlobals) = postSolution
		SolutionGuid = {6D21493D-4D3A-429B-829E-D8D6EFD1D744}
	EndGlobalSection
EndGlobal
